{
    "_meta": {
        "hash": {
            "sha256": "4f75629bd3059023da128e593be3726f15b9905d1a5c0e6585bb7dad03baa933"
        },
        "pipfile-spec": 6,
        "requires": {
            "python_version": "2.7"
        },
        "sources": [
            {
                "name": "pypi",
                "url": "https://pypi.org/simple",
                "verify_ssl": true
            }
        ]
    },
    "default": {
        "meld3": {
            "hashes": [
                "sha256:b28a9bfac342aadb4557aa144bea9f8e6208bfb0596190570d10a892d35ff7dc",
                "sha256:f7b754a0fde7a4429b2ebe49409db240b5699385a572501bb0d5627d299f9558"
            ],
            "version": "==1.0.2"
        },
        "supervisor": {
            "hashes": [
                "sha256:212201a3fd1d35c150ef0c35bf0676fd1a6c195fb60bf0f2147fe7dbd317e672"
            ],
            "index": "pypi",
            "version": "==3.3.4"
        }
    },
    "develop": {}
}
